{
  "object": {
    "pins": [
      {
        "package": "FineJSON",
        "repositoryURL": "https://github.com/omochi/FineJSON",
        "state": {
          "branch": null,
          "revision": "8711a34c248bb1ca4fbdfa518f132b17430ea1d9",
          "version": "1.11.0"
        }
      },
      {
        "package": "RichJSONParser",
        "repositoryURL": "https://github.com/omochi/RichJSONParser.git",
        "state": {
          "branch": null,
          "revision": "6df9b20c3b74da53b44049071d710dc671fb996e",
          "version": "2.3.0"
        }
      }
    ]
  },
  "version": 1
}
